{
  "version": "1.0.0",
  "lockfileVersion": 2,
  "workspaces": {
    "": {
      "name": "ts-quick-reaction",
      "devDependencies": {
        "@stacksjs/bumpx": "^0.1.84",
        "@stacksjs/docs": "^0.70.23",
        "@stacksjs/eslint-config": "^4.14.0-beta.3",
        "@stacksjs/gitlint": "^0.1.5",
        "@stacksjs/logsmith": "^0.1.18",
        "@stacksjs/qrx": "workspace:*",
        "@types/bun": "^1.2.23",
        "buddy-bot": "^0.9.7",
        "bun-git-hooks": "^0.2.19",
        "bun-plugin-dtsx": "^0.21.12",
        "typescript": "^5.9.2",
        "unocss": "^66.5.2"
      }
    },
    "packages/qrx": {
      "name": "@stacksjs/qrx",
      "version": "0.1.0",
      "dependencies": {
        "get-pixels": "^3.3.3",
        "gl-matrix": "^3.4.4",
        "lodash": "^4.17.21",
        "ndarray": "^1.0.19",
        "ndarray-linear-interpolate": "^1.0.0"
      },
      "devDependencies": {
        "@types/bun": "^1.1.14",
        "bun-plugin-dtsx": "^0.21.9",
        "bunfig": "^0.15.0",
        "lint-staged": "^16.2.3",
        "simple-git-hooks": "^2.13.1",
        "typescript": "^5.7.2"
      }
    },
    "packages/react": {
      "name": "react-qrx",
      "version": "0.1.0",
      "dependencies": {
        "@stacksjs/qrx": "workspace:*"
      },
      "devDependencies": {
        "@types/bun": "^1.1.14",
        "lint-staged": "^16.2.3",
        "simple-git-hooks": "^2.11.1",
        "typescript": "^5.7.2"
      }
    },
    "packages/vue": {
      "name": "vue-qrx",
      "version": "0.1.0",
      "dependencies": {
        "@stacksjs/qrx": "workspace:*"
      },
      "devDependencies": {
        "@types/bun": "^1.1.14",
        "lint-staged": "^16.2.3",
        "simple-git-hooks": "^2.11.1",
        "typescript": "^5.7.2"
      }
    }
  },
  "packages": {
    "@stacksjs/bumpx@0.1.86": {
      "name": "@stacksjs/bumpx",
      "version": "0.1.86",
      "source": "npm",
      "resolved": "https://registry.npmjs.org/@stacksjs/bumpx/-/bumpx-0.1.86.tgz",
      "integrity": "sha512-450eBT664dRzNFZwBYHo/g5w0G3o1jWuevk0CRvpXWzNoXZEAp/5ibsMIIbIajrsR9LjdBm8IYuLqZtRFnqaaA==",
      "dependencies": {
        "@stacksjs/clapp": "^0.1.18",
        "@stacksjs/logsmith": "^0.1.18",
        "bunfig": "^0.14.1"
      },
      "bin": {
        "bumpx": "./dist/bin/cli.js"
      }
    },
    "@stacksjs/docs@0.70.23": {
      "name": "@stacksjs/docs",
      "version": "0.70.23",
      "source": "npm",
      "resolved": "https://registry.npmjs.org/@stacksjs/docs/-/docs-0.70.23.tgz",
      "integrity": "sha512-kRk/aza/wQAAgF0fhUhG8bUHhqk3RnjBkZyoRW0fvYs3dLaAArJYX/uVquZixlQnqgizGeGZT986tEFjs5Ly+A==",
      "dependencies": {
        "@iconify-json/carbon": "^1.2.8",
        "@shikijs/vitepress-twoslash": "^3.2.1",
        "@vite-pwa/assets-generator": "^1.0.0",
        "@vite-pwa/vitepress": "^1.0.0",
        "unocss": "^66.0.0",
        "unplugin-icons": "^22.1.0",
        "unplugin-vue-components": "^28.4.1",
        "vite-plugin-pwa": "^1.0.0",
        "vitepress": "1.6.3"
      }
    },
    "@stacksjs/eslint-config@4.14.0-beta.3": {
      "name": "@stacksjs/eslint-config",
      "version": "4.14.0-beta.3",
      "source": "npm",
      "resolved": "https://registry.npmjs.org/@stacksjs/eslint-config/-/eslint-config-4.14.0-beta.3.tgz",
      "integrity": "sha512-D7iSPoZcTwHSOG6T2SdngwNbgqx/2gSoLpFC4Qy/1NCSPZEEcACYCC8GjovZ/rRrod0B+KbCa5sDu5JIrrkfaw==",
      "dependencies": {
        "@antfu/install-pkg": "^1.1.0",
        "@clack/prompts": "^0.10.1",
        "@eslint-community/eslint-plugin-eslint-comments": "^4.5.0",
        "@eslint/markdown": "^6.4.0",
        "@stacksjs/cli": "^0.70.23",
        "@stacksjs/error-handling": "^0.70.23",
        "@stacksjs/eslint-plugin": "^0.2.4",
        "@stacksjs/logging": "^0.70.23",
        "@stacksjs/path": "^0.70.23",
        "@stylistic/eslint-plugin": "^4.2.0",
        "@typescript-eslint/eslint-plugin": "^8.32.1",
        "@typescript-eslint/parser": "^8.32.1",
        "@vitest/eslint-plugin": "^1.1.44",
        "eslint-config-flat-gitignore": "^2.1.0",
        "eslint-flat-config-utils": "^2.0.1",
        "eslint-merge-processors": "^2.0.0",
        "eslint-plugin-antfu": "^3.1.1",
        "eslint-plugin-command": "^3.2.0",
        "eslint-plugin-import-x": "^4.11.1",
        "eslint-plugin-jsdoc": "^50.6.14",
        "eslint-plugin-jsonc": "^2.20.0",
        "eslint-plugin-n": "^17.18.0",
        "eslint-plugin-no-only-tests": "^3.3.0",
        "eslint-plugin-perfectionist": "^4.13.0",
        "eslint-plugin-pnpm": "^0.3.1",
        "eslint-plugin-regexp": "^2.7.0",
        "eslint-plugin-toml": "^0.12.0",
        "eslint-plugin-unicorn": "^57.0.0",
        "eslint-plugin-unused-imports": "^4.1.4",
        "eslint-plugin-vue": "^10.1.0",
        "eslint-plugin-vuejs-accessibility": "^2.4.1",
        "eslint-plugin-yml": "^1.18.0",
        "eslint-processor-vue-blocks": "^2.0.0",
        "globals": "^16.1.0",
        "jsonc-eslint-parser": "^2.4.0",
        "local-pkg": "^1.1.1",
        "parse-gitignore": "^2.0.0",
        "toml-eslint-parser": "^0.10.0",
        "vue-eslint-parser": "^10.1.3",
        "yaml-eslint-parser": "^1.3.0"
      }
    },
    "@stacksjs/gitlint@0.1.5": {
      "name": "@stacksjs/gitlint",
      "version": "0.1.5",
      "source": "npm",
      "resolved": "https://registry.npmjs.org/@stacksjs/gitlint/-/gitlint-0.1.5.tgz",
      "integrity": "sha512-5nSr6PN8/cRPdIz9Cj65Dh12N9gR7BPtJzR3rnqhAgpm5q0ihjmVTTybFQqigMcYuRpt2qX4HenV7YXuFOYScw==",
      "bin": {
        "gitlint": "./dist/bin/cli.js"
      }
    },
    "@stacksjs/logsmith@0.1.18": {
      "name": "@stacksjs/logsmith",
      "version": "0.1.18",
      "source": "npm",
      "resolved": "https://registry.npmjs.org/@stacksjs/logsmith/-/logsmith-0.1.18.tgz",
      "integrity": "sha512-W4Swcus7isr0sod/DWcJ6outNNbAu76/tclraEBAslfNR8/pR81e1k/A0wmDtExrGOd3a/6tDdlqIqFV7Fr7FA==",
      "dependencies": {
        "bunfig": "^0.14.1",
        "markdownlint": "^0.38.0"
      },
      "bin": {
        "@stacksjs/logsmith": "./dist/bin/cli.js",
        "logsmith": "./dist/bin/cli.js"
      }
    },
    "@types/bun@1.3.11": {
      "name": "@types/bun",
      "version": "1.3.11",
      "source": "npm",
      "resolved": "https://registry.npmjs.org/@types/bun/-/bun-1.3.11.tgz",
      "integrity": "sha512-5vPne5QvtpjGpsGYXiFyycfpDF2ECyPcTSsFBMa0fraoxiQyMJ3SmuQIGhzPg2WJuWxVBoxWJ2kClYTcw/4fAg==",
      "dependencies": {
        "bun-types": "1.3.11"
      }
    },
    "buddy-bot@0.9.17": {
      "name": "buddy-bot",
      "version": "0.9.17",
      "source": "npm",
      "resolved": "https://registry.npmjs.org/buddy-bot/-/buddy-bot-0.9.17.tgz",
      "integrity": "sha512-wAb6yviR5jLQ0DzgxuUa2P4MzPeaXgXiOPAfi25bprPaObGY+ja2FEzuCdfN8ahhYLTXKFL6aL5j5ne6wvAw+Q==",
      "dependencies": {
        "bunfig": "^0.15.6",
        "prompts": "^2.4.2",
        "ts-pkgx": "^0.4.154"
      },
      "bin": {
        "buddy-bot": "./dist/bin/cli.js"
      }
    },
    "bun-git-hooks@0.2.19": {
      "name": "bun-git-hooks",
      "version": "0.2.19",
      "source": "npm",
      "resolved": "https://registry.npmjs.org/bun-git-hooks/-/bun-git-hooks-0.2.19.tgz",
      "integrity": "sha512-h+YfI+/hCojKadnC9kfk71suZsjdgKShv82+bHp6UiHwH+XDyqavfAUt4NQTGRcIq7dSo2Mfh0QgCiAkCJOl8w==",
      "bin": {
        "bun-git-hooks": "./dist/bin/cli.js",
        "git-hooks": "./dist/bin/cli.js"
      }
    },
    "bun-plugin-dtsx@0.21.17": {
      "name": "bun-plugin-dtsx",
      "version": "0.21.17",
      "source": "npm",
      "resolved": "https://registry.npmjs.org/bun-plugin-dtsx/-/bun-plugin-dtsx-0.21.17.tgz",
      "integrity": "sha512-gikZdPs8f7aFPREb+gBn7kaDdjpfQSLIPpVbUI+I5dusAlENvlJmKQj06aq1oS3mP7yg3gdQJBRg+PlzUV5h9g==",
      "dependencies": {
        "@stacksjs/dtsx": "^0.9.8"
      }
    },
    "bunfig@0.15.6": {
      "name": "bunfig",
      "version": "0.15.6",
      "source": "npm",
      "resolved": "https://registry.npmjs.org/bunfig/-/bunfig-0.15.6.tgz",
      "integrity": "sha512-7ynPmrn1dN5F+0DtUVY0Vo2MZOOnSdb6hpQePwABEYIJ+d/rSb3vaOVUs3MFxwxWuaVc1FEStVJG6+kCgbLuyg==",
      "bin": {
        "bunfig": "./bin/cli.js"
      }
    },
    "get-pixels@3.3.3": {
      "name": "get-pixels",
      "version": "3.3.3",
      "source": "npm",
      "resolved": "https://registry.npmjs.org/get-pixels/-/get-pixels-3.3.3.tgz",
      "integrity": "sha512-5kyGBn90i9tSMUVHTqkgCHsoWoR+/lGbl4yC83Gefyr0HLIhgSWEx/2F/3YgsZ7UpYNuM6pDhDK7zebrUJ5nXg==",
      "dependencies": {
        "data-uri-to-buffer": "0.0.3",
        "jpeg-js": "^0.4.1",
        "mime-types": "^2.0.1",
        "ndarray": "^1.0.13",
        "ndarray-pack": "^1.1.1",
        "node-bitmap": "0.0.1",
        "omggif": "^1.0.5",
        "parse-data-uri": "^0.2.0",
        "pngjs": "^3.3.3",
        "request": "^2.44.0",
        "through": "^2.3.4"
      }
    },
    "gl-matrix@3.4.4": {
      "name": "gl-matrix",
      "version": "3.4.4",
      "source": "npm",
      "resolved": "https://registry.npmjs.org/gl-matrix/-/gl-matrix-3.4.4.tgz",
      "integrity": "sha512-latSnyDNt/8zYUB6VIJ6PCh2jBjJX6gnDsoCZ7LyW7GkqrD51EWwa9qCoGixj8YqBtETQK/xY7OmpTF8xz1DdQ=="
    },
    "lint-staged@16.4.0": {
      "name": "lint-staged",
      "version": "16.4.0",
      "source": "npm",
      "resolved": "https://registry.npmjs.org/lint-staged/-/lint-staged-16.4.0.tgz",
      "integrity": "sha512-lBWt8hujh/Cjysw5GYVmZpFHXDCgZzhrOm8vbcUdobADZNOK/bRshr2kM3DfgrrtR1DQhfupW9gnIXOfiFi+bw==",
      "dependencies": {
        "commander": "^14.0.3",
        "listr2": "^9.0.5",
        "picomatch": "^4.0.3",
        "string-argv": "^0.3.2",
        "tinyexec": "^1.0.4",
        "yaml": "^2.8.2"
      },
      "bin": {
        "lint-staged": "bin/lint-staged.js"
      }
    },
    "lodash@4.17.23": {
      "name": "lodash",
      "version": "4.17.23",
      "source": "npm",
      "resolved": "https://registry.npmjs.org/lodash/-/lodash-4.17.23.tgz",
      "integrity": "sha512-LgVTMpQtIopCi79SJeDiP0TfWi5CNEc/L/aRdTh3yIvmZXTnheWpKjSZhnvMl8iXbC1tFg9gdHHDMLoV7CnG+w=="
    },
    "ndarray-linear-interpolate@1.0.0": {
      "name": "ndarray-linear-interpolate",
      "version": "1.0.0",
      "source": "npm",
      "resolved": "https://registry.npmjs.org/ndarray-linear-interpolate/-/ndarray-linear-interpolate-1.0.0.tgz",
      "integrity": "sha512-UN0f4+6XWsQzJ2pP5gVp+kKn5tJed6mA3K/L50uO619+7LKrjcSNdcerhpqxYaSkbxNJuEN76N05yBBJySnZDw=="
    },
    "ndarray@1.0.19": {
      "name": "ndarray",
      "version": "1.0.19",
      "source": "npm",
      "resolved": "https://registry.npmjs.org/ndarray/-/ndarray-1.0.19.tgz",
      "integrity": "sha512-B4JHA4vdyZU30ELBw3g7/p9bZupyew5a7tX1Y/gGeF2hafrPaQZhgrGQfsvgfYbgdFZjYwuEcnaobeM/WMW+HQ==",
      "dependencies": {
        "iota-array": "^1.0.0",
        "is-buffer": "^1.0.2"
      }
    },
    "simple-git-hooks@2.13.1": {
      "name": "simple-git-hooks",
      "version": "2.13.1",
      "source": "npm",
      "resolved": "https://registry.npmjs.org/simple-git-hooks/-/simple-git-hooks-2.13.1.tgz",
      "integrity": "sha512-WszCLXwT4h2k1ufIXAgsbiTOazqqevFCIncOuUBZJ91DdvWcC5+OFkluWRQPrcuSYd8fjq+o2y1QfWqYMoAToQ==",
      "bin": {
        "simple-git-hooks": "./cli.js"
      }
    },
    "typescript@^5.7.2": {
      "name": "typescript",
      "version": "^5.7.2",
      "source": "npm",
      "bin": {
        "tsc": "./bin/tsc",
        "tsserver": "./bin/tsserver"
      }
    },
    "typescript@^5.9.2": {
      "name": "typescript",
      "version": "^5.9.2",
      "source": "npm",
      "bin": {
        "tsc": "./bin/tsc",
        "tsserver": "./bin/tsserver"
      }
    },
    "unocss@66.6.7": {
      "name": "unocss",
      "version": "66.6.7",
      "source": "npm",
      "resolved": "https://registry.npmjs.org/unocss/-/unocss-66.6.7.tgz",
      "integrity": "sha512-TdZ/JnKhrqkknrMvLl0KOwrGzFThEspFIyYiylFYJki2JkMN/5EJIr+vIZEGRX69hFTjTLi6utIpbipueqzNbw==",
      "dependencies": {
        "@unocss/cli": "66.6.7",
        "@unocss/core": "66.6.7",
        "@unocss/preset-attributify": "66.6.7",
        "@unocss/preset-icons": "66.6.7",
        "@unocss/preset-mini": "66.6.7",
        "@unocss/preset-tagify": "66.6.7",
        "@unocss/preset-typography": "66.6.7",
        "@unocss/preset-uno": "66.6.7",
        "@unocss/preset-web-fonts": "66.6.7",
        "@unocss/preset-wind": "66.6.7",
        "@unocss/preset-wind3": "66.6.7",
        "@unocss/preset-wind4": "66.6.7",
        "@unocss/transformer-attributify-jsx": "66.6.7",
        "@unocss/transformer-compile-class": "66.6.7",
        "@unocss/transformer-directives": "66.6.7",
        "@unocss/transformer-variant-group": "66.6.7",
        "@unocss/vite": "66.6.7"
      },
      "peerDependencies": {
        "@unocss/astro": "66.6.7",
        "@unocss/postcss": "66.6.7",
        "@unocss/webpack": "66.6.7"
      },
      "optionalPeers": ["@unocss/astro", "@unocss/postcss", "@unocss/webpack"]
    }
  }
}
